// !$*UTF8*$!
{
	archiveVersion = 1;
	classes = {
	};
	objectVersion = 55;
	objects = {

/* Begin PBXBuildFile section */
		275EA3F2274650A000ED6299 /* ShipView.swift in Sources */ = {isa = PBXBuildFile; fileRef = 275EA3F1274650A000ED6299 /* ShipView.swift */; };
		275EA3F42746513F00ED6299 /* SingerView.swift in Sources */ = {isa = PBXBuildFile; fileRef = 275EA3F32746513F00ED6299 /* SingerView.swift */; };
		275EA3F72746517400ED6299 /* Singer+CoreDataClass.swift in Sources */ = {isa = PBXBuildFile; fileRef = 275EA3F52746517400ED6299 /* Singer+CoreDataClass.swift */; };
		275EA3F82746517400ED6299 /* Singer+CoreDataProperties.swift in Sources */ = {isa = PBXBuildFile; fileRef = 275EA3F62746517400ED6299 /* Singer+CoreDataProperties.swift */; };
		275EA3FA2746529B00ED6299 /* FilteredList.swift in Sources */ = {isa = PBXBuildFile; fileRef = 275EA3F92746529B00ED6299 /* FilteredList.swift */; };
		275EA3FF274665F300ED6299 /* Candy+CoreDataClass.swift in Sources */ = {isa = PBXBuildFile; fileRef = 275EA3FB274665F300ED6299 /* Candy+CoreDataClass.swift */; };
		275EA400274665F300ED6299 /* Candy+CoreDataProperties.swift in Sources */ = {isa = PBXBuildFile; fileRef = 275EA3FC274665F300ED6299 /* Candy+CoreDataProperties.swift */; };
		275EA401274665F300ED6299 /* Country+CoreDataClass.swift in Sources */ = {isa = PBXBuildFile; fileRef = 275EA3FD274665F300ED6299 /* Country+CoreDataClass.swift */; };
		275EA402274665F300ED6299 /* Country+CoreDataProperties.swift in Sources */ = {isa = PBXBuildFile; fileRef = 275EA3FE274665F300ED6299 /* Country+CoreDataProperties.swift */; };
		275EA4042746672200ED6299 /* CandyView.swift in Sources */ = {isa = PBXBuildFile; fileRef = 275EA4032746672200ED6299 /* CandyView.swift */; };
		27E125212743C6CE00404033 /* CoreDataProjectApp.swift in Sources */ = {isa = PBXBuildFile; fileRef = 27E125202743C6CE00404033 /* CoreDataProjectApp.swift */; };
		27E125232743C6CE00404033 /* ContentView.swift in Sources */ = {isa = PBXBuildFile; fileRef = 27E125222743C6CE00404033 /* ContentView.swift */; };
		27E125252743C6D000404033 /* Assets.xcassets in Resources */ = {isa = PBXBuildFile; fileRef = 27E125242743C6D000404033 /* Assets.xcassets */; };
		27E125282743C6D000404033 /* Preview Assets.xcassets in Resources */ = {isa = PBXBuildFile; fileRef = 27E125272743C6D000404033 /* Preview Assets.xcassets */; };
		27E1252A2743C6D000404033 /* Persistence.swift in Sources */ = {isa = PBXBuildFile; fileRef = 27E125292743C6D000404033 /* Persistence.swift */; };
		27E1252D2743C6D000404033 /* CoreDataProject.xcdatamodeld in Sources */ = {isa = PBXBuildFile; fileRef = 27E1252B2743C6D000404033 /* CoreDataProject.xcdatamodeld */; };
		27E125362743C81300404033 /* README.md in Resources */ = {isa = PBXBuildFile; fileRef = 27E125352743C81300404033 /* README.md */; };
/* End PBXBuildFile section */

/* Begin PBXFileReference section */
		275EA3F1274650A000ED6299 /* ShipView.swift */ = {isa = PBXFileReference; lastKnownFileType = sourcecode.swift; path = ShipView.swift; sourceTree = "<group>"; };
		275EA3F32746513F00ED6299 /* SingerView.swift */ = {isa = PBXFileReference; lastKnownFileType = sourcecode.swift; path = SingerView.swift; sourceTree = "<group>"; };
		275EA3F52746517400ED6299 /* Singer+CoreDataClass.swift */ = {isa = PBXFileReference; lastKnownFileType = sourcecode.swift; path = "Singer+CoreDataClass.swift"; sourceTree = "<group>"; };
		275EA3F62746517400ED6299 /* Singer+CoreDataProperties.swift */ = {isa = PBXFileReference; lastKnownFileType = sourcecode.swift; path = "Singer+CoreDataProperties.swift"; sourceTree = "<group>"; };
		275EA3F92746529B00ED6299 /* FilteredList.swift */ = {isa = PBXFileReference; lastKnownFileType = sourcecode.swift; path = FilteredList.swift; sourceTree = "<group>"; };
		275EA3FB274665F300ED6299 /* Candy+CoreDataClass.swift */ = {isa = PBXFileReference; lastKnownFileType = sourcecode.swift; path = "Candy+CoreDataClass.swift"; sourceTree = "<group>"; };
		275EA3FC274665F300ED6299 /* Candy+CoreDataProperties.swift */ = {isa = PBXFileReference; lastKnownFileType = sourcecode.swift; path = "Candy+CoreDataProperties.swift"; sourceTree = "<group>"; };
		275EA3FD274665F300ED6299 /* Country+CoreDataClass.swift */ = {isa = PBXFileReference; lastKnownFileType = sourcecode.swift; path = "Country+CoreDataClass.swift"; sourceTree = "<group>"; };
		275EA3FE274665F300ED6299 /* Country+CoreDataProperties.swift */ = {isa = PBXFileReference; lastKnownFileType = sourcecode.swift; path = "Country+CoreDataProperties.swift"; sourceTree = "<group>"; };
		275EA4032746672200ED6299 /* CandyView.swift */ = {isa = PBXFileReference; lastKnownFileType = sourcecode.swift; path = CandyView.swift; sourceTree = "<group>"; };
		27E1251D2743C6CE00404033 /* CoreDataProject.app */ = {isa = PBXFileReference; explicitFileType = wrapper.application; includeInIndex = 0; path = CoreDataProject.app; sourceTree = BUILT_PRODUCTS_DIR; };
		27E125202743C6CE00404033 /* CoreDataProjectApp.swift */ = {isa = PBXFileReference; lastKnownFileType = sourcecode.swift; path = CoreDataProjectApp.swift; sourceTree = "<group>"; };
		27E125222743C6CE00404033 /* ContentView.swift */ = {isa = PBXFileReference; lastKnownFileType = sourcecode.swift; path = ContentView.swift; sourceTree = "<group>"; };
		27E125242743C6D000404033 /* Assets.xcassets */ = {isa = PBXFileReference; lastKnownFileType = folder.assetcatalog; path = Assets.xcassets; sourceTree = "<group>"; };
		27E125272743C6D000404033 /* Preview Assets.xcassets */ = {isa = PBXFileReference; lastKnownFileType = folder.assetcatalog; path = "Preview Assets.xcassets"; sourceTree = "<group>"; };
		27E125292743C6D000404033 /* Persistence.swift */ = {isa = PBXFileReference; lastKnownFileType = sourcecode.swift; path = Persistence.swift; sourceTree = "<group>"; };
		27E1252C2743C6D000404033 /* CoreDataProject.xcdatamodel */ = {isa = PBXFileReference; lastKnownFileType = wrapper.xcdatamodel; path = CoreDataProject.xcdatamodel; sourceTree = "<group>"; };
		27E125352743C81300404033 /* README.md */ = {isa = PBXFileReference; fileEncoding = 4; lastKnownFileType = net.daringfireball.markdown; path = README.md; sourceTree = SOURCE_ROOT; };
/* End PBXFileReference section */

/* Begin PBXFrameworksBuildPhase section */
		27E1251A2743C6CE00404033 /* Frameworks */ = {
			isa = PBXFrameworksBuildPhase;
			buildActionMask = 2147483647;
			files = (
			);
			runOnlyForDeploymentPostprocessing = 0;
		};
/* End PBXFrameworksBuildPhase section */

/* Begin PBXGroup section */
		276FD7D2274563350044E63B /* Models */ = {
			isa = PBXGroup;
			children = (
				275EA3FB274665F300ED6299 /* Candy+CoreDataClass.swift */,
				275EA3FC274665F300ED6299 /* Candy+CoreDataProperties.swift */,
				275EA3FD274665F300ED6299 /* Country+CoreDataClass.swift */,
				275EA3FE274665F300ED6299 /* Country+CoreDataProperties.swift */,
				275EA3F52746517400ED6299 /* Singer+CoreDataClass.swift */,
				275EA3F62746517400ED6299 /* Singer+CoreDataProperties.swift */,
			);
			path = Models;
			sourceTree = "<group>";
		};
		276FD7D3274563400044E63B /* Views */ = {
			isa = PBXGroup;
			children = (
				27E125222743C6CE00404033 /* ContentView.swift */,
				275EA3F1274650A000ED6299 /* ShipView.swift */,
				275EA3F32746513F00ED6299 /* SingerView.swift */,
				275EA3F92746529B00ED6299 /* FilteredList.swift */,
				275EA4032746672200ED6299 /* CandyView.swift */,
			);
			path = Views;
			sourceTree = "<group>";
		};
		27E125142743C6CE00404033 = {
			isa = PBXGroup;
			children = (
				27E1251F2743C6CE00404033 /* CoreDataProject */,
				27E1251E2743C6CE00404033 /* Products */,
			);
			sourceTree = "<group>";
		};
		27E1251E2743C6CE00404033 /* Products */ = {
			isa = PBXGroup;
			children = (
				27E1251D2743C6CE00404033 /* CoreDataProject.app */,
			);
			name = Products;
			sourceTree = "<group>";
		};
		27E1251F2743C6CE00404033 /* CoreDataProject */ = {
			isa = PBXGroup;
			children = (
				276FD7D3274563400044E63B /* Views */,
				276FD7D2274563350044E63B /* Models */,
				27E125202743C6CE00404033 /* CoreDataProjectApp.swift */,
				27E125242743C6D000404033 /* Assets.xcassets */,
				27E125292743C6D000404033 /* Persistence.swift */,
				27E1252B2743C6D000404033 /* CoreDataProject.xcdatamodeld */,
				27E125262743C6D000404033 /* Preview Content */,
				27E125352743C81300404033 /* README.md */,
			);
			path = CoreDataProject;
			sourceTree = "<group>";
		};
		27E125262743C6D000404033 /* Preview Content */ = {
			isa = PBXGroup;
			children = (
				27E125272743C6D000404033 /* Preview Assets.xcassets */,
			);
			path = "Preview Content";
			sourceTree = "<group>";
		};
/* End PBXGroup section */

/* Begin PBXNativeTarget section */
		27E1251C2743C6CE00404033 /* CoreDataProject */ = {
			isa = PBXNativeTarget;
			buildConfigurationList = 27E125302743C6D000404033 /* Build configuration list for PBXNativeTarget "CoreDataProject" */;
			buildPhases = (
				27E125192743C6CE00404033 /* Sources */,
				27E1251A2743C6CE00404033 /* Frameworks */,
				27E1251B2743C6CE00404033 /* Resources */,
			);
			buildRules = (
			);
			dependencies = (
			);
			name = CoreDataProject;
			productName = CoreDataProject;
			productReference = 27E1251D2743C6CE00404033 /* CoreDataProject.app */;
			productType = "com.apple.product-type.application";
		};
/* End PBXNativeTarget section */

/* Begin PBXProject section */
		27E125152743C6CE00404033 /* Project object */ = {
			isa = PBXProject;
			attributes = {
				BuildIndependentTargetsInParallel = 1;
				LastSwiftUpdateCheck = 1310;
				LastUpgradeCheck = 1310;
				TargetAttributes = {
					27E1251C2743C6CE00404033 = {
						CreatedOnToolsVersion = 13.1;
					};
				};
			};
			buildConfigurationList = 27E125182743C6CE00404033 /* Build configuration list for PBXProject "CoreDataProject" */;
			compatibilityVersion = "Xcode 13.0";
			developmentRegion = en;
			hasScannedForEncodings = 0;
			knownRegions = (
				en,
				Base,
			);
			mainGroup = 27E125142743C6CE00404033;
			productRefGroup = 27E1251E2743C6CE00404033 /* Products */;
			projectDirPath = "";
			projectRoot = "";
			targets = (
				27E1251C2743C6CE00404033 /* CoreDataProject */,
			);
		};
/* End PBXProject section */

/* Begin PBXResourcesBuildPhase section */
		27E1251B2743C6CE00404033 /* Resources */ = {
			isa = PBXResourcesBuildPhase;
			buildActionMask = 2147483647;
			files = (
				27E125362743C81300404033 /* README.md in Resources */,
				27E125282743C6D000404033 /* Preview Assets.xcassets in Resources */,
				27E125252743C6D000404033 /* Assets.xcassets in Resources */,
			);
			runOnlyForDeploymentPostprocessing = 0;
		};
/* End PBXResourcesBuildPhase section */

/* Begin PBXSourcesBuildPhase section */
		27E125192743C6CE00404033 /* Sources */ = {
			isa = PBXSourcesBuildPhase;
			buildActionMask = 2147483647;
			files = (
				275EA4042746672200ED6299 /* CandyView.swift in Sources */,
				275EA3F72746517400ED6299 /* Singer+CoreDataClass.swift in Sources */,
				275EA3FF274665F300ED6299 /* Candy+CoreDataClass.swift in Sources */,
				275EA402274665F300ED6299 /* Country+CoreDataProperties.swift in Sources */,
				275EA401274665F300ED6299 /* Country+CoreDataClass.swift in Sources */,
				275EA400274665F300ED6299 /* Candy+CoreDataProperties.swift in Sources */,
				275EA3F42746513F00ED6299 /* SingerView.swift in Sources */,
				275EA3FA2746529B00ED6299 /* FilteredList.swift in Sources */,
				27E1252A2743C6D000404033 /* Persistence.swift in Sources */,
				27E125232743C6CE00404033 /* ContentView.swift in Sources */,
				275EA3F2274650A000ED6299 /* ShipView.swift in Sources */,
				275EA3F82746517400ED6299 /* Singer+CoreDataProperties.swift in Sources */,
				27E1252D2743C6D000404033 /* CoreDataProject.xcdatamodeld in Sources */,
				27E125212743C6CE00404033 /* CoreDataProjectApp.swift in Sources */,
			);
			runOnlyForDeploymentPostprocessing = 0;
		};
/* End PBXSourcesBuildPhase section */

/* Begin XCBuildConfiguration section */
		27E1252E2743C6D000404033 /* Debug */ = {
			isa = XCBuildConfiguration;
			buildSettings = {
				ALWAYS_SEARCH_USER_PATHS = NO;
				CLANG_ANALYZER_NONNULL = YES;
				CLANG_ANALYZER_NUMBER_OBJECT_CONVERSION = YES_AGGRESSIVE;
				CLANG_CXX_LANGUAGE_STANDARD = "gnu++17";
				CLANG_CXX_LIBRARY = "libc++";
				CLANG_ENABLE_MODULES = YES;
				CLANG_ENABLE_OBJC_ARC = YES;
				CLANG_ENABLE_OBJC_WEAK = YES;
				CLANG_WARN_BLOCK_CAPTURE_AUTORELEASING = YES;
				CLANG_WARN_BOOL_CONVERSION = YES;
				CLANG_WARN_COMMA = YES;
				CLANG_WARN_CONSTANT_CONVERSION = YES;
				CLANG_WARN_DEPRECATED_OBJC_IMPLEMENTATIONS = YES;
				CLANG_WARN_DIRECT_OBJC_ISA_USAGE = YES_ERROR;
				CLANG_WARN_DOCUMENTATION_COMMENTS = YES;
				CLANG_WARN_EMPTY_BODY = YES;
				CLANG_WARN_ENUM_CONVERSION = YES;
				CLANG_WARN_INFINITE_RECURSION = YES;
				CLANG_WARN_INT_CONVERSION = YES;
				CLANG_WARN_NON_LITERAL_NULL_CONVERSION = YES;
				CLANG_WARN_OBJC_IMPLICIT_RETAIN_SELF = YES;
				CLANG_WARN_OBJC_LITERAL_CONVERSION = YES;
				CLANG_WARN_OBJC_ROOT_CLASS = YES_ERROR;
				CLANG_WARN_QUOTED_INCLUDE_IN_FRAMEWORK_HEADER = YES;
				CLANG_WARN_RANGE_LOOP_ANALYSIS = YES;
				CLANG_WARN_STRICT_PROTOTYPES = YES;
				CLANG_WARN_SUSPICIOUS_MOVE = YES;
				CLANG_WARN_UNGUARDED_AVAILABILITY = YES_AGGRESSIVE;
				CLANG_WARN_UNREACHABLE_CODE = YES;
				CLANG_WARN__DUPLICATE_METHOD_MATCH = YES;
				COPY_PHASE_STRIP = NO;
				DEBUG_INFORMATION_FORMAT = dwarf;
				ENABLE_STRICT_OBJC_MSGSEND = YES;
				ENABLE_TESTABILITY = YES;
				GCC_C_LANGUAGE_STANDARD = gnu11;
				GCC_DYNAMIC_NO_PIC = NO;
				GCC_NO_COMMON_BLOCKS = YES;
				GCC_OPTIMIZATION_LEVEL = 0;
				GCC_PREPROCESSOR_DEFINITIONS = (
					"DEBUG=1",
					"$(inherited)",
				);
				GCC_WARN_64_TO_32_BIT_CONVERSION = YES;
				GCC_WARN_ABOUT_RETURN_TYPE = YES_ERROR;
				GCC_WARN_UNDECLARED_SELECTOR = YES;
				GCC_WARN_UNINITIALIZED_AUTOS = YES_AGGRESSIVE;
				GCC_WARN_UNUSED_FUNCTION = YES;
				GCC_WARN_UNUSED_VARIABLE = YES;
				IPHONEOS_DEPLOYMENT_TARGET = 15.0;
				MTL_ENABLE_DEBUG_INFO = INCLUDE_SOURCE;
				MTL_FAST_MATH = YES;
				ONLY_ACTIVE_ARCH = YES;
				SDKROOT = iphoneos;
				SWIFT_ACTIVE_COMPILATION_CONDITIONS = DEBUG;
				SWIFT_OPTIMIZATION_LEVEL = "-Onone";
			};
			name = Debug;
		};
		27E1252F2743C6D000404033 /* Release */ = {
			isa = XCBuildConfiguration;
			buildSettings = {
				ALWAYS_SEARCH_USER_PATHS = NO;
				CLANG_ANALYZER_NONNULL = YES;
				CLANG_ANALYZER_NUMBER_OBJECT_CONVERSION = YES_AGGRESSIVE;
				CLANG_CXX_LANGUAGE_STANDARD = "gnu++17";
				CLANG_CXX_LIBRARY = "libc++";
				CLANG_ENABLE_MODULES = YES;
				CLANG_ENABLE_OBJC_ARC = YES;
				CLANG_ENABLE_OBJC_WEAK = YES;
				CLANG_WARN_BLOCK_CAPTURE_AUTORELEASING = YES;
				CLANG_WARN_BOOL_CONVERSION = YES;
				CLANG_WARN_COMMA = YES;
				CLANG_WARN_CONSTANT_CONVERSION = YES;
				CLANG_WARN_DEPRECATED_OBJC_IMPLEMENTATIONS = YES;
				CLANG_WARN_DIRECT_OBJC_ISA_USAGE = YES_ERROR;
				CLANG_WARN_DOCUMENTATION_COMMENTS = YES;
				CLANG_WARN_EMPTY_BODY = YES;
				CLANG_WARN_ENUM_CONVERSION = YES;
				CLANG_WARN_INFINITE_RECURSION = YES;
				CLANG_WARN_INT_CONVERSION = YES;
				CLANG_WARN_NON_LITERAL_NULL_CONVERSION = YES;
				CLANG_WARN_OBJC_IMPLICIT_RETAIN_SELF = YES;
				CLANG_WARN_OBJC_LITERAL_CONVERSION = YES;
				CLANG_WARN_OBJC_ROOT_CLASS = YES_ERROR;
				CLANG_WARN_QUOTED_INCLUDE_IN_FRAMEWORK_HEADER = YES;
				CLANG_WARN_RANGE_LOOP_ANALYSIS = YES;
				CLANG_WARN_STRICT_PROTOTYPES = YES;
				CLANG_WARN_SUSPICIOUS_MOVE = YES;
				CLANG_WARN_UNGUARDED_AVAILABILITY = YES_AGGRESSIVE;
				CLANG_WARN_UNREACHABLE_CODE = YES;
				CLANG_WARN__DUPLICATE_METHOD_MATCH = YES;
				COPY_PHASE_STRIP = NO;
				DEBUG_INFORMATION_FORMAT = "dwarf-with-dsym";
				ENABLE_NS_ASSERTIONS = NO;
				ENABLE_STRICT_OBJC_MSGSEND = YES;
				GCC_C_LANGUAGE_STANDARD = gnu11;
				GCC_NO_COMMON_BLOCKS = YES;
				GCC_WARN_64_TO_32_BIT_CONVERSION = YES;
				GCC_WARN_ABOUT_RETURN_TYPE = YES_ERROR;
				GCC_WARN_UNDECLARED_SELECTOR = YES;
				GCC_WARN_UNINITIALIZED_AUTOS = YES_AGGRESSIVE;
				GCC_WARN_UNUSED_FUNCTION = YES;
				GCC_WARN_UNUSED_VARIABLE = YES;
				IPHONEOS_DEPLOYMENT_TARGET = 15.0;
				MTL_ENABLE_DEBUG_INFO = NO;
				MTL_FAST_MATH = YES;
				SDKROOT = iphoneos;
				SWIFT_COMPILATION_MODE = wholemodule;
				SWIFT_OPTIMIZATION_LEVEL = "-O";
				VALIDATE_PRODUCT = YES;
			};
			name = Release;
		};
		27E125312743C6D000404033 /* Debug */ = {
			isa = XCBuildConfiguration;
			buildSettings = {
				ASSETCATALOG_COMPILER_APPICON_NAME = AppIcon;
				ASSETCATALOG_COMPILER_GLOBAL_ACCENT_COLOR_NAME = AccentColor;
				CODE_SIGN_IDENTITY = "Apple Development";
				CODE_SIGN_STYLE = Automatic;
				CURRENT_PROJECT_VERSION = 1;
				DEVELOPMENT_ASSET_PATHS = "\"CoreDataProject/Preview Content\"";
				DEVELOPMENT_TEAM = 95Q5YEGF4A;
				ENABLE_PREVIEWS = YES;
				GENERATE_INFOPLIST_FILE = YES;
				INFOPLIST_KEY_UIApplicationSceneManifest_Generation = YES;
				INFOPLIST_KEY_UIApplicationSupportsIndirectInputEvents = YES;
				INFOPLIST_KEY_UILaunchScreen_Generation = YES;
				INFOPLIST_KEY_UISupportedInterfaceOrientations_iPad = "UIInterfaceOrientationPortrait UIInterfaceOrientationPortraitUpsideDown UIInterfaceOrientationLandscapeLeft UIInterfaceOrientationLandscapeRight";
				INFOPLIST_KEY_UISupportedInterfaceOrientations_iPhone = "UIInterfaceOrientationPortrait UIInterfaceOrientationLandscapeLeft UIInterfaceOrientationLandscapeRight";
				LD_RUNPATH_SEARCH_PATHS = (
					"$(inherited)",
					"@executable_path/Frameworks",
				);
				MARKETING_VERSION = 1.0;
				PRODUCT_BUNDLE_IDENTIFIER = pattest.CoreDataProject;
				PRODUCT_NAME = "$(TARGET_NAME)";
				PROVISIONING_PROFILE_SPECIFIER = "";
				SWIFT_EMIT_LOC_STRINGS = YES;
				SWIFT_VERSION = 5.0;
				TARGETED_DEVICE_FAMILY = "1,2";
			};
			name = Debug;
		};
		27E125322743C6D000404033 /* Release */ = {
			isa = XCBuildConfiguration;
			buildSettings = {
				ASSETCATALOG_COMPILER_APPICON_NAME = AppIcon;
				ASSETCATALOG_COMPILER_GLOBAL_ACCENT_COLOR_NAME = AccentColor;
				CODE_SIGN_IDENTITY = "Apple Development";
				CODE_SIGN_STYLE = Automatic;
				CURRENT_PROJECT_VERSION = 1;
				DEVELOPMENT_ASSET_PATHS = "\"CoreDataProject/Preview Content\"";
				DEVELOPMENT_TEAM = 95Q5YEGF4A;
				ENABLE_PREVIEWS = YES;
				GENERATE_INFOPLIST_FILE = YES;
				INFOPLIST_KEY_UIApplicationSceneManifest_Generation = YES;
				INFOPLIST_KEY_UIApplicationSupportsIndirectInputEvents = YES;
				INFOPLIST_KEY_UILaunchScreen_Generation = YES;
				INFOPLIST_KEY_UISupportedInterfaceOrientations_iPad = "UIInterfaceOrientationPortrait UIInterfaceOrientationPortraitUpsideDown UIInterfaceOrientationLandscapeLeft UIInterfaceOrientationLandscapeRight";
				INFOPLIST_KEY_UISupportedInterfaceOrientations_iPhone = "UIInterfaceOrientationPortrait UIInterfaceOrientationLandscapeLeft UIInterfaceOrientationLandscapeRight";
				LD_RUNPATH_SEARCH_PATHS = (
					"$(inherited)",
					"@executable_path/Frameworks",
				);
				MARKETING_VERSION = 1.0;
				PRODUCT_BUNDLE_IDENTIFIER = pattest.CoreDataProject;
				PRODUCT_NAME = "$(TARGET_NAME)";
				PROVISIONING_PROFILE_SPECIFIER = "";
				SWIFT_EMIT_LOC_STRINGS = YES;
				SWIFT_VERSION = 5.0;
				TARGETED_DEVICE_FAMILY = "1,2";
			};
			name = Release;
		};
/* End XCBuildConfiguration section */

/* Begin XCConfigurationList section */
		27E125182743C6CE00404033 /* Build configuration list for PBXProject "CoreDataProject" */ = {
			isa = XCConfigurationList;
			buildConfigurations = (
				27E1252E2743C6D000404033 /* Debug */,
				27E1252F2743C6D000404033 /* Release */,
			);
			defaultConfigurationIsVisible = 0;
			defaultConfigurationName = Release;
		};
		27E125302743C6D000404033 /* Build configuration list for PBXNativeTarget "CoreDataProject" */ = {
			isa = XCConfigurationList;
			buildConfigurations = (
				27E125312743C6D000404033 /* Debug */,
				27E125322743C6D000404033 /* Release */,
			);
			defaultConfigurationIsVisible = 0;
			defaultConfigurationName = Release;
		};
/* End XCConfigurationList section */

/* Begin XCVersionGroup section */
		27E1252B2743C6D000404033 /* CoreDataProject.xcdatamodeld */ = {
			isa = XCVersionGroup;
			children = (
				27E1252C2743C6D000404033 /* CoreDataProject.xcdatamodel */,
			);
			currentVersion = 27E1252C2743C6D000404033 /* CoreDataProject.xcdatamodel */;
			path = CoreDataProject.xcdatamodeld;
			sourceTree = "<group>";
			versionGroupType = wrapper.xcdatamodel;
		};
/* End XCVersionGroup section */
	};
	rootObject = 27E125152743C6CE00404033 /* Project object */;
}
